
Microsoft Visual Studio Solution File, Format Version 12.00
# Visual Studio Version 17
VisualStudioVersion = 17.5.33627.172
MinimumVisualStudioVersion = 10.0.40219.1
Project("{9A19103F-16F7-4668-BE54-9A1E7A4F7556}") = "CsharpServices", "WebApplication2\CsharpServices.csproj", "{DF9502EA-8F8C-4179-92E1-B93018792668}"
EndProject
Project("{FAE04EC0-301F-11D3-BF4B-00C04F79EFBC}") = "TestProject1", "TestProject1\TestProject1.csproj", "{158D92DD-8FF4-45EC-A256-5928DD7A0177}"
EndProject
Global
	GlobalSection(SolutionConfigurationPlatforms) = preSolution
		Debug|Any CPU = Debug|Any CPU
		Release|Any CPU = Release|Any CPU
	EndGlobalSection
	GlobalSection(ProjectConfigurationPlatforms) = postSolution
		{DF9502EA-8F8C-4179-92E1-B93018792668}.Debug|Any CPU.ActiveCfg = Debug|Any CPU
		{DF9502EA-8F8C-4179-92E1-B93018792668}.Debug|Any CPU.Build.0 = Debug|Any CPU
		{DF9502EA-8F8C-4179-92E1-B93018792668}.Release|Any CPU.ActiveCfg = Release|Any CPU
		{DF9502EA-8F8C-4179-92E1-B93018792668}.Release|Any CPU.Build.0 = Release|Any CPU
		{158D92DD-8FF4-45EC-A256-5928DD7A0177}.Debug|Any CPU.ActiveCfg = Debug|Any CPU
		{158D92DD-8FF4-45EC-A256-5928DD7A0177}.Debug|Any CPU.Build.0 = Debug|Any CPU
		{158D92DD-8FF4-45EC-A256-5928DD7A0177}.Release|Any CPU.ActiveCfg = Release|Any CPU
		{158D92DD-8FF4-45EC-A256-5928DD7A0177}.Release|Any CPU.Build.0 = Release|Any CPU
	EndGlobalSection
	GlobalSection(SolutionProperties) = preSolution
		HideSolutionNode = FALSE
	EndGlobalSection
	GlobalSection(ExtensibilityGlobals) = postSolution
		SolutionGuid = {5A09C691-682E-4025-A2A3-AD2D515B0439}
	EndGlobalSection
EndGlobal
